
Microsoft Visual Studio Solution File, Format Version 12.00
# Visual Studio Version 16
VisualStudioVersion = 16.0.31019.35
MinimumVisualStudioVersion = 10.0.40219.1
Project("{9A19103F-16F7-4668-BE54-9A1E7A4F7556}") = "MW_RollerRates", "MW_RollerRates\MW_RollerRates.csproj", "{BF6A1880-5C1A-4EB2-BB52-4E82C29FE417}"
EndProject
Project("{9A19103F-16F7-4668-BE54-9A1E7A4F7556}") = "DataLayer", "DataLayer\DataLayer.csproj", "{91E77189-B17F-4857-934B-11B20D626236}"
EndProject
Project("{9A19103F-16F7-4668-BE54-9A1E7A4F7556}") = "LogicLayer", "LogicLayer\LogicLayer.csproj", "{590BE16E-7980-42C9-86DC-5452FE7E30E8}"
EndProject
Project("{FAE04EC0-301F-11D3-BF4B-00C04F79EFBC}") = "ModelLayer", "ModelLayer\ModelLayer.csproj", "{2335B0F4-058C-4BDB-9738-33408EF22937}"
EndProject
Global
	GlobalSection(SolutionConfigurationPlatforms) = preSolution
		Debug|Any CPU = Debug|Any CPU
		Release|Any CPU = Release|Any CPU
	EndGlobalSection
	GlobalSection(ProjectConfigurationPlatforms) = postSolution
		{BF6A1880-5C1A-4EB2-BB52-4E82C29FE417}.Debug|Any CPU.ActiveCfg = Debug|Any CPU
		{BF6A1880-5C1A-4EB2-BB52-4E82C29FE417}.Debug|Any CPU.Build.0 = Debug|Any CPU
		{BF6A1880-5C1A-4EB2-BB52-4E82C29FE417}.Release|Any CPU.ActiveCfg = Release|Any CPU
		{BF6A1880-5C1A-4EB2-BB52-4E82C29FE417}.Release|Any CPU.Build.0 = Release|Any CPU
		{91E77189-B17F-4857-934B-11B20D626236}.Debug|Any CPU.ActiveCfg = Debug|Any CPU
		{91E77189-B17F-4857-934B-11B20D626236}.Debug|Any CPU.Build.0 = Debug|Any CPU
		{91E77189-B17F-4857-934B-11B20D626236}.Release|Any CPU.ActiveCfg = Release|Any CPU
		{91E77189-B17F-4857-934B-11B20D626236}.Release|Any CPU.Build.0 = Release|Any CPU
		{590BE16E-7980-42C9-86DC-5452FE7E30E8}.Debug|Any CPU.ActiveCfg = Debug|Any CPU
		{590BE16E-7980-42C9-86DC-5452FE7E30E8}.Debug|Any CPU.Build.0 = Debug|Any CPU
		{590BE16E-7980-42C9-86DC-5452FE7E30E8}.Release|Any CPU.ActiveCfg = Release|Any CPU
		{590BE16E-7980-42C9-86DC-5452FE7E30E8}.Release|Any CPU.Build.0 = Release|Any CPU
		{2335B0F4-058C-4BDB-9738-33408EF22937}.Debug|Any CPU.ActiveCfg = Debug|Any CPU
		{2335B0F4-058C-4BDB-9738-33408EF22937}.Debug|Any CPU.Build.0 = Debug|Any CPU
		{2335B0F4-058C-4BDB-9738-33408EF22937}.Release|Any CPU.ActiveCfg = Release|Any CPU
		{2335B0F4-058C-4BDB-9738-33408EF22937}.Release|Any CPU.Build.0 = Release|Any CPU
	EndGlobalSection
	GlobalSection(SolutionProperties) = preSolution
		HideSolutionNode = FALSE
	EndGlobalSection
	GlobalSection(ExtensibilityGlobals) = postSolution
		SolutionGuid = {96949251-4348-4ECA-BEC9-D497FF944E29}
	EndGlobalSection
EndGlobal
